{
  "object": {
    "pins": [
      {
        "package": "Canvas",
        "repositoryURL": "https://github.com/scchn/canvas",
        "state": {
          "branch": "master",
          "revision": "698798b33a1320708dcfdff34da118fdad56aeaf",
          "version": null
        }
      }
    ]
  },
  "version": 1
}
