{
  "object": {
    "pins": [
      {
        "package": "Canvas",
        "repositoryURL": "https://github.com/scchn/canvas",
        "state": {
          "branch": "master",
          "revision": "a6320f72b3d637650d2e9c13f7b601f9c6982943",
          "version": null
        }
      }
    ]
  },
  "version": 1
}
